// !$*UTF8*$!
{
	archiveVersion = 1;
	classes = {
	};
	objectVersion = 46;
	objects = {

/* Begin PBXAggregateTarget section */
		7A5ECAF911DE917B00F66AF3 /* Aggregate static plugins */ = {
			isa = PBXAggregateTarget;
			buildConfigurationList = 7A5ECB1011DE919F00F66AF3 /* Build configuration list for PBXAggregateTarget "Aggregate static plugins" */;
			buildPhases = (
				7A5ECAF811DE917B00F66AF3 /* Aggregate static plugins script */,
			);
			dependencies = (
			);
			name = "Aggregate static plugins";
			productName = "Aggregate static plugins";
		};
/* End PBXAggregateTarget section */

/* Begin PBXBuildFile section */
		6360B0E211E7F0C000EAD790 /* VLCMediaDiscoverer.m in Sources */ = {isa = PBXBuildFile; fileRef = 6360B0E111E7F0C000EAD790 /* VLCMediaDiscoverer.m */; };
		6360B10611E7F27300EAD790 /* VLCMediaDiscoverer.h in Copy Headers */ = {isa = PBXBuildFile; fileRef = 6360B0E311E7F0D300EAD790 /* VLCMediaDiscoverer.h */; };
		636E975811EBC67A002FE8A9 /* VLCMediaThumbnailer.m in Sources */ = {isa = PBXBuildFile; fileRef = 636E975711EBC67A002FE8A9 /* VLCMediaThumbnailer.m */; };
		636E979111EBC97C002FE8A9 /* VLCMediaThumbnailer.h in Copy Headers */ = {isa = PBXBuildFile; fileRef = 636E979011EBC96D002FE8A9 /* VLCMediaThumbnailer.h */; };
		7A5ECACB11DE8F7300F66AF3 /* VLCEventManager.m in Sources */ = {isa = PBXBuildFile; fileRef = 7A5ECAC411DE8F7300F66AF3 /* VLCEventManager.m */; };
		7A5ECACC11DE8F7300F66AF3 /* VLCLibrary.m in Sources */ = {isa = PBXBuildFile; fileRef = 7A5ECAC511DE8F7300F66AF3 /* VLCLibrary.m */; };
		7A5ECACD11DE8F7300F66AF3 /* VLCMedia.m in Sources */ = {isa = PBXBuildFile; fileRef = 7A5ECAC611DE8F7300F66AF3 /* VLCMedia.m */; };
		7A5ECACE11DE8F7300F66AF3 /* VLCMediaList.m in Sources */ = {isa = PBXBuildFile; fileRef = 7A5ECAC711DE8F7300F66AF3 /* VLCMediaList.m */; };
		7A5ECACF11DE8F7300F66AF3 /* VLCMediaPlayer.m in Sources */ = {isa = PBXBuildFile; fileRef = 7A5ECAC811DE8F7300F66AF3 /* VLCMediaPlayer.m */; };
		7A5ECAD011DE8F7300F66AF3 /* VLCTime.m in Sources */ = {isa = PBXBuildFile; fileRef = 7A5ECAC911DE8F7300F66AF3 /* VLCTime.m */; };
		7A5ECAD111DE8F7300F66AF3 /* VLCAudio.m in Sources */ = {isa = PBXBuildFile; fileRef = 7A5ECACA11DE8F7300F66AF3 /* VLCAudio.m */; };
		7A5ECB5511DE961700F66AF3 /* VLCLibrary.h in Copy Headers */ = {isa = PBXBuildFile; fileRef = 7A5ECAD411DE8FAB00F66AF3 /* VLCLibrary.h */; };
		7A5ECB5611DE961700F66AF3 /* VLCMedia.h in Copy Headers */ = {isa = PBXBuildFile; fileRef = 7A5ECAD511DE8FAB00F66AF3 /* VLCMedia.h */; };
		7A5ECB5711DE961700F66AF3 /* VLCMediaList.h in Copy Headers */ = {isa = PBXBuildFile; fileRef = 7A5ECAD611DE8FAB00F66AF3 /* VLCMediaList.h */; };
		7A5ECB5811DE961700F66AF3 /* VLCMediaPlayer.h in Copy Headers */ = {isa = PBXBuildFile; fileRef = 7A5ECAD711DE8FAB00F66AF3 /* VLCMediaPlayer.h */; };
		7A5ECB5911DE961700F66AF3 /* VLCTime.h in Copy Headers */ = {isa = PBXBuildFile; fileRef = 7A5ECAD811DE8FAB00F66AF3 /* VLCTime.h */; };
		7A5ECB5A11DE961700F66AF3 /* VLCAudio.h in Copy Headers */ = {isa = PBXBuildFile; fileRef = 7A5ECAD911DE8FAB00F66AF3 /* VLCAudio.h */; };
		7A5ECB9E11DE975A00F66AF3 /* MobileVLCKit.h in Copy Headers */ = {isa = PBXBuildFile; fileRef = 7A5ECB9D11DE975700F66AF3 /* MobileVLCKit.h */; };
		AACBBE4A0F95108600F1A2B1 /* Foundation.framework in Frameworks */ = {isa = PBXBuildFile; fileRef = AACBBE490F95108600F1A2B1 /* Foundation.framework */; };
/* End PBXBuildFile section */

/* Begin PBXCopyFilesBuildPhase section */
		7A5ECB6211DE961B00F66AF3 /* Copy Headers */ = {
			isa = PBXCopyFilesBuildPhase;
			buildActionMask = 2147483647;
			dstPath = include/MobileVLCKit;
			dstSubfolderSpec = 16;
			files = (
				7A5ECB9E11DE975A00F66AF3 /* MobileVLCKit.h in Copy Headers */,
				7A5ECB5511DE961700F66AF3 /* VLCLibrary.h in Copy Headers */,
				7A5ECB5611DE961700F66AF3 /* VLCMedia.h in Copy Headers */,
				636E979111EBC97C002FE8A9 /* VLCMediaThumbnailer.h in Copy Headers */,
				7A5ECB5711DE961700F66AF3 /* VLCMediaList.h in Copy Headers */,
				7A5ECB5811DE961700F66AF3 /* VLCMediaPlayer.h in Copy Headers */,
				6360B10611E7F27300EAD790 /* VLCMediaDiscoverer.h in Copy Headers */,
				7A5ECB5911DE961700F66AF3 /* VLCTime.h in Copy Headers */,
				7A5ECB5A11DE961700F66AF3 /* VLCAudio.h in Copy Headers */,
			);
			name = "Copy Headers";
			runOnlyForDeploymentPostprocessing = 0;
		};
/* End PBXCopyFilesBuildPhase section */

/* Begin PBXFileReference section */
		6360B0E111E7F0C000EAD790 /* VLCMediaDiscoverer.m */ = {isa = PBXFileReference; fileEncoding = 4; lastKnownFileType = sourcecode.c.objc; name = VLCMediaDiscoverer.m; path = Sources/VLCMediaDiscoverer.m; sourceTree = "<group>"; };
		6360B0E311E7F0D300EAD790 /* VLCMediaDiscoverer.h */ = {isa = PBXFileReference; fileEncoding = 4; lastKnownFileType = sourcecode.c.h; name = VLCMediaDiscoverer.h; path = Headers/Public/VLCMediaDiscoverer.h; sourceTree = "<group>"; };
		636E975711EBC67A002FE8A9 /* VLCMediaThumbnailer.m */ = {isa = PBXFileReference; fileEncoding = 4; lastKnownFileType = sourcecode.c.objc; name = VLCMediaThumbnailer.m; path = Sources/VLCMediaThumbnailer.m; sourceTree = "<group>"; };
		636E979011EBC96D002FE8A9 /* VLCMediaThumbnailer.h */ = {isa = PBXFileReference; fileEncoding = 4; lastKnownFileType = sourcecode.c.h; name = VLCMediaThumbnailer.h; path = Headers/Public/VLCMediaThumbnailer.h; sourceTree = "<group>"; };
		7A5ECAC411DE8F7300F66AF3 /* VLCEventManager.m */ = {isa = PBXFileReference; fileEncoding = 4; lastKnownFileType = sourcecode.c.objc; name = VLCEventManager.m; path = Sources/VLCEventManager.m; sourceTree = "<group>"; };
		7A5ECAC511DE8F7300F66AF3 /* VLCLibrary.m */ = {isa = PBXFileReference; fileEncoding = 4; lastKnownFileType = sourcecode.c.objc; name = VLCLibrary.m; path = Sources/VLCLibrary.m; sourceTree = "<group>"; };
		7A5ECAC611DE8F7300F66AF3 /* VLCMedia.m */ = {isa = PBXFileReference; fileEncoding = 4; lastKnownFileType = sourcecode.c.objc; name = VLCMedia.m; path = Sources/VLCMedia.m; sourceTree = "<group>"; };
		7A5ECAC711DE8F7300F66AF3 /* VLCMediaList.m */ = {isa = PBXFileReference; fileEncoding = 4; lastKnownFileType = sourcecode.c.objc; name = VLCMediaList.m; path = Sources/VLCMediaList.m; sourceTree = "<group>"; };
		7A5ECAC811DE8F7300F66AF3 /* VLCMediaPlayer.m */ = {isa = PBXFileReference; fileEncoding = 4; lastKnownFileType = sourcecode.c.objc; name = VLCMediaPlayer.m; path = Sources/VLCMediaPlayer.m; sourceTree = "<group>"; };
		7A5ECAC911DE8F7300F66AF3 /* VLCTime.m */ = {isa = PBXFileReference; fileEncoding = 4; lastKnownFileType = sourcecode.c.objc; name = VLCTime.m; path = Sources/VLCTime.m; sourceTree = "<group>"; };
		7A5ECACA11DE8F7300F66AF3 /* VLCAudio.m */ = {isa = PBXFileReference; fileEncoding = 4; lastKnownFileType = sourcecode.c.objc; name = VLCAudio.m; path = Sources/VLCAudio.m; sourceTree = "<group>"; };
		7A5ECAD411DE8FAB00F66AF3 /* VLCLibrary.h */ = {isa = PBXFileReference; fileEncoding = 4; lastKnownFileType = sourcecode.c.h; name = VLCLibrary.h; path = Headers/Public/VLCLibrary.h; sourceTree = "<group>"; };
		7A5ECAD511DE8FAB00F66AF3 /* VLCMedia.h */ = {isa = PBXFileReference; fileEncoding = 4; lastKnownFileType = sourcecode.c.h; name = VLCMedia.h; path = Headers/Public/VLCMedia.h; sourceTree = "<group>"; };
		7A5ECAD611DE8FAB00F66AF3 /* VLCMediaList.h */ = {isa = PBXFileReference; fileEncoding = 4; lastKnownFileType = sourcecode.c.h; name = VLCMediaList.h; path = Headers/Public/VLCMediaList.h; sourceTree = "<group>"; };
		7A5ECAD711DE8FAB00F66AF3 /* VLCMediaPlayer.h */ = {isa = PBXFileReference; fileEncoding = 4; lastKnownFileType = sourcecode.c.h; name = VLCMediaPlayer.h; path = Headers/Public/VLCMediaPlayer.h; sourceTree = "<group>"; };
		7A5ECAD811DE8FAB00F66AF3 /* VLCTime.h */ = {isa = PBXFileReference; fileEncoding = 4; lastKnownFileType = sourcecode.c.h; name = VLCTime.h; path = Headers/Public/VLCTime.h; sourceTree = "<group>"; };
		7A5ECAD911DE8FAB00F66AF3 /* VLCAudio.h */ = {isa = PBXFileReference; fileEncoding = 4; lastKnownFileType = sourcecode.c.h; name = VLCAudio.h; path = Headers/Public/VLCAudio.h; sourceTree = "<group>"; };
		7A5ECAE411DE8FEF00F66AF3 /* VLCLibVLCBridging.h */ = {isa = PBXFileReference; fileEncoding = 4; lastKnownFileType = sourcecode.c.h; name = VLCLibVLCBridging.h; path = Headers/Internal/VLCLibVLCBridging.h; sourceTree = "<group>"; };
		7A5ECAE511DE8FEF00F66AF3 /* VLCEventManager.h */ = {isa = PBXFileReference; fileEncoding = 4; lastKnownFileType = sourcecode.c.h; name = VLCEventManager.h; path = Headers/Internal/VLCEventManager.h; sourceTree = "<group>"; };
		7A5ECB3311DE948C00F66AF3 /* MobileVLCKit.xcconfig */ = {isa = PBXFileReference; fileEncoding = 4; lastKnownFileType = text.xcconfig; name = MobileVLCKit.xcconfig; path = MobileVLCKit/MobileVLCKit.xcconfig; sourceTree = "<group>"; };
		7A5ECB3411DE94D600F66AF3 /* vlc-plugins.h */ = {isa = PBXFileReference; fileEncoding = 4; lastKnownFileType = sourcecode.c.h; name = "vlc-plugins.h"; path = "MobileVLCKit/vlc-plugins.h"; sourceTree = "<group>"; };
		7A5ECB9D11DE975700F66AF3 /* MobileVLCKit.h */ = {isa = PBXFileReference; fileEncoding = 4; lastKnownFileType = sourcecode.c.h; name = MobileVLCKit.h; path = Headers/Public/MobileVLCKit.h; sourceTree = "<group>"; };
		7A5ECBAC11DE987400F66AF3 /* AggregateStaticPlugins.sh */ = {isa = PBXFileReference; fileEncoding = 4; lastKnownFileType = text.script.sh; name = AggregateStaticPlugins.sh; path = MobileVLCKit/AggregateStaticPlugins.sh; sourceTree = "<group>"; };
		AA747D9E0F9514B9006C5449 /* MobileVLCKit_Prefix.pch */ = {isa = PBXFileReference; fileEncoding = 4; lastKnownFileType = sourcecode.c.h; path = MobileVLCKit_Prefix.pch; sourceTree = SOURCE_ROOT; };
		AACBBE490F95108600F1A2B1 /* Foundation.framework */ = {isa = PBXFileReference; lastKnownFileType = wrapper.framework; name = Foundation.framework; path = System/Library/Frameworks/Foundation.framework; sourceTree = SDKROOT; };
		D2AAC07E0554694100DB518D /* libMobileVLCKit.a */ = {isa = PBXFileReference; explicitFileType = archive.ar; includeInIndex = 0; path = libMobileVLCKit.a; sourceTree = BUILT_PRODUCTS_DIR; };
/* End PBXFileReference section */

/* Begin PBXFrameworksBuildPhase section */
		D2AAC07C0554694100DB518D /* Frameworks */ = {
			isa = PBXFrameworksBuildPhase;
			buildActionMask = 2147483647;
			files = (
				AACBBE4A0F95108600F1A2B1 /* Foundation.framework in Frameworks */,
			);
			runOnlyForDeploymentPostprocessing = 0;
		};
/* End PBXFrameworksBuildPhase section */

/* Begin PBXGroup section */
		034768DFFF38A50411DB9C8B /* Products */ = {
			isa = PBXGroup;
			children = (
				D2AAC07E0554694100DB518D /* libMobileVLCKit.a */,
			);
			name = Products;
			sourceTree = "<group>";
		};
		0867D691FE84028FC02AAC07 /* MobileVLCKit */ = {
			isa = PBXGroup;
			children = (
				7A5ECAE211DE8FD200F66AF3 /* Headers */,
				08FB77AEFE84172EC02AAC07 /* Sources */,
				32C88DFF0371C24200C91783 /* Other Sources */,
				0867D69AFE84028FC02AAC07 /* Frameworks */,
				034768DFFF38A50411DB9C8B /* Products */,
			);
			name = MobileVLCKit;
			sourceTree = "<group>";
		};
		0867D69AFE84028FC02AAC07 /* Frameworks */ = {
			isa = PBXGroup;
			children = (
				AACBBE490F95108600F1A2B1 /* Foundation.framework */,
			);
			name = Frameworks;
			sourceTree = "<group>";
		};
		08FB77AEFE84172EC02AAC07 /* Sources */ = {
			isa = PBXGroup;
			children = (
				7A5ECAC411DE8F7300F66AF3 /* VLCEventManager.m */,
				7A5ECAC511DE8F7300F66AF3 /* VLCLibrary.m */,
				7A5ECAC611DE8F7300F66AF3 /* VLCMedia.m */,
				7A5ECAC711DE8F7300F66AF3 /* VLCMediaList.m */,
				7A5ECAC811DE8F7300F66AF3 /* VLCMediaPlayer.m */,
				636E975711EBC67A002FE8A9 /* VLCMediaThumbnailer.m */,
				6360B0E111E7F0C000EAD790 /* VLCMediaDiscoverer.m */,
				7A5ECAC911DE8F7300F66AF3 /* VLCTime.m */,
				7A5ECACA11DE8F7300F66AF3 /* VLCAudio.m */,
			);
			name = Sources;
			sourceTree = "<group>";
		};
		32C88DFF0371C24200C91783 /* Other Sources */ = {
			isa = PBXGroup;
			children = (
				7A5ECBAC11DE987400F66AF3 /* AggregateStaticPlugins.sh */,
				7A5ECB3311DE948C00F66AF3 /* MobileVLCKit.xcconfig */,
				AA747D9E0F9514B9006C5449 /* MobileVLCKit_Prefix.pch */,
			);
			name = "Other Sources";
			sourceTree = "<group>";
		};
		7A5ECAE211DE8FD200F66AF3 /* Headers */ = {
			isa = PBXGroup;
			children = (
				7A5ECB9D11DE975700F66AF3 /* MobileVLCKit.h */,
				7A5ECAE311DE8FDF00F66AF3 /* Internal */,
				7A5ECAD411DE8FAB00F66AF3 /* VLCLibrary.h */,
				7A5ECAD511DE8FAB00F66AF3 /* VLCMedia.h */,
				636E979011EBC96D002FE8A9 /* VLCMediaThumbnailer.h */,
				7A5ECAD611DE8FAB00F66AF3 /* VLCMediaList.h */,
				7A5ECAD711DE8FAB00F66AF3 /* VLCMediaPlayer.h */,
				6360B0E311E7F0D300EAD790 /* VLCMediaDiscoverer.h */,
				7A5ECAD811DE8FAB00F66AF3 /* VLCTime.h */,
				7A5ECAD911DE8FAB00F66AF3 /* VLCAudio.h */,
			);
			name = Headers;
			sourceTree = "<group>";
		};
		7A5ECAE311DE8FDF00F66AF3 /* Internal */ = {
			isa = PBXGroup;
			children = (
				7A5ECB3411DE94D600F66AF3 /* vlc-plugins.h */,
				7A5ECAE411DE8FEF00F66AF3 /* VLCLibVLCBridging.h */,
				7A5ECAE511DE8FEF00F66AF3 /* VLCEventManager.h */,
			);
			name = Internal;
			sourceTree = "<group>";
		};
/* End PBXGroup section */

/* Begin PBXNativeTarget section */
		D2AAC07D0554694100DB518D /* MobileVLCKit */ = {
			isa = PBXNativeTarget;
			buildConfigurationList = 1DEB921E08733DC00010E9CD /* Build configuration list for PBXNativeTarget "MobileVLCKit" */;
			buildPhases = (
				D2AAC07B0554694100DB518D /* Sources */,
				7A5ECB6211DE961B00F66AF3 /* Copy Headers */,
				D2AAC07C0554694100DB518D /* Frameworks */,
			);
			buildRules = (
			);
			dependencies = (
			);
			name = MobileVLCKit;
			productName = MobileVLCKit;
			productReference = D2AAC07E0554694100DB518D /* libMobileVLCKit.a */;
			productType = "com.apple.product-type.library.static";
		};
/* End PBXNativeTarget section */

/* Begin PBXProject section */
		0867D690FE84028FC02AAC07 /* Project object */ = {
			isa = PBXProject;
			attributes = {
				LastUpgradeCheck = 0420;
			};
			buildConfigurationList = 1DEB922208733DC00010E9CD /* Build configuration list for PBXProject "MobileVLCKit" */;
			compatibilityVersion = "Xcode 3.2";
			developmentRegion = English;
			hasScannedForEncodings = 1;
			knownRegions = (
				en,
			);
			mainGroup = 0867D691FE84028FC02AAC07 /* MobileVLCKit */;
			productRefGroup = 034768DFFF38A50411DB9C8B /* Products */;
			projectDirPath = "";
			projectRoot = "";
			targets = (
				D2AAC07D0554694100DB518D /* MobileVLCKit */,
				7A5ECAF911DE917B00F66AF3 /* Aggregate static plugins */,
			);
		};
/* End PBXProject section */

/* Begin PBXShellScriptBuildPhase section */
		7A5ECAF811DE917B00F66AF3 /* Aggregate static plugins script */ = {
			isa = PBXShellScriptBuildPhase;
			buildActionMask = 2147483647;
			files = (
			);
			inputPaths = (
			);
			name = "Aggregate static plugins script";
			outputPaths = (
			);
			runOnlyForDeploymentPostprocessing = 0;
			shellPath = /bin/sh;
			shellScript = "/bin/sh ${SRCROOT}/MobileVLCKit/AggregateStaticPlugins.sh\nexit 0\n";
		};
/* End PBXShellScriptBuildPhase section */

/* Begin PBXSourcesBuildPhase section */
		D2AAC07B0554694100DB518D /* Sources */ = {
			isa = PBXSourcesBuildPhase;
			buildActionMask = 2147483647;
			files = (
				7A5ECACB11DE8F7300F66AF3 /* VLCEventManager.m in Sources */,
				7A5ECACC11DE8F7300F66AF3 /* VLCLibrary.m in Sources */,
				7A5ECACD11DE8F7300F66AF3 /* VLCMedia.m in Sources */,
				7A5ECACE11DE8F7300F66AF3 /* VLCMediaList.m in Sources */,
				7A5ECACF11DE8F7300F66AF3 /* VLCMediaPlayer.m in Sources */,
				7A5ECAD011DE8F7300F66AF3 /* VLCTime.m in Sources */,
				7A5ECAD111DE8F7300F66AF3 /* VLCAudio.m in Sources */,
				6360B0E211E7F0C000EAD790 /* VLCMediaDiscoverer.m in Sources */,
				636E975811EBC67A002FE8A9 /* VLCMediaThumbnailer.m in Sources */,
			);
			runOnlyForDeploymentPostprocessing = 0;
		};
/* End PBXSourcesBuildPhase section */

/* Begin XCBuildConfiguration section */
		1DEB921F08733DC00010E9CD /* Debug */ = {
			isa = XCBuildConfiguration;
			baseConfigurationReference = 7A5ECB3311DE948C00F66AF3 /* MobileVLCKit.xcconfig */;
			buildSettings = {
				ALWAYS_SEARCH_USER_PATHS = NO;
				ARCHS = armv7;
				COPY_PHASE_STRIP = NO;
				DSTROOT = /tmp/MobileVLCKit.dst;
				GCC_DYNAMIC_NO_PIC = NO;
				GCC_OPTIMIZATION_LEVEL = 0;
				GCC_PRECOMPILE_PREFIX_HEADER = YES;
				GCC_PREFIX_HEADER = MobileVLCKit_Prefix.pch;
				HEADER_SEARCH_PATHS = "$(SRCROOT)/../../../include";
				INSTALL_PATH = /usr/local/lib;
				PRODUCT_NAME = MobileVLCKit;
			};
			name = Debug;
		};
		1DEB922008733DC00010E9CD /* Release */ = {
			isa = XCBuildConfiguration;
			baseConfigurationReference = 7A5ECB3311DE948C00F66AF3 /* MobileVLCKit.xcconfig */;
			buildSettings = {
				ALWAYS_SEARCH_USER_PATHS = NO;
				ARCHS = armv7;
				DSTROOT = /tmp/MobileVLCKit.dst;
				GCC_PRECOMPILE_PREFIX_HEADER = YES;
				GCC_PREFIX_HEADER = MobileVLCKit_Prefix.pch;
				HEADER_SEARCH_PATHS = "$(SRCROOT)/../../../include";
				INSTALL_PATH = /usr/local/lib;
				PRODUCT_NAME = MobileVLCKit;
			};
			name = Release;
		};
		1DEB922308733DC00010E9CD /* Debug */ = {
			isa = XCBuildConfiguration;
			buildSettings = {
				ARCHS = "$(ARCHS_STANDARD_32_BIT)";
				GCC_C_LANGUAGE_STANDARD = c99;
				GCC_OPTIMIZATION_LEVEL = 0;
				GCC_WARN_ABOUT_RETURN_TYPE = YES;
				GCC_WARN_UNUSED_VARIABLE = YES;
				OTHER_LDFLAGS = "-ObjC";
				SDKROOT = iphoneos;
			};
			name = Debug;
		};
		1DEB922408733DC00010E9CD /* Release */ = {
			isa = XCBuildConfiguration;
			buildSettings = {
				ARCHS = "$(ARCHS_STANDARD_32_BIT)";
				GCC_C_LANGUAGE_STANDARD = c99;
				GCC_WARN_ABOUT_RETURN_TYPE = YES;
				GCC_WARN_UNUSED_VARIABLE = YES;
				OTHER_LDFLAGS = "-ObjC";
				SDKROOT = iphoneos;
			};
			name = Release;
		};
		7A5ECAFA11DE917B00F66AF3 /* Debug */ = {
			isa = XCBuildConfiguration;
			buildSettings = {
				COPY_PHASE_STRIP = NO;
				GCC_DYNAMIC_NO_PIC = NO;
				GCC_OPTIMIZATION_LEVEL = 0;
				PRODUCT_NAME = "Aggregate static plugins";
			};
			name = Debug;
		};
		7A5ECAFB11DE917B00F66AF3 /* Release */ = {
			isa = XCBuildConfiguration;
			buildSettings = {
				COPY_PHASE_STRIP = YES;
				DEBUG_INFORMATION_FORMAT = "dwarf-with-dsym";
				PRODUCT_NAME = "Aggregate static plugins";
				ZERO_LINK = NO;
			};
			name = Release;
		};
/* End XCBuildConfiguration section */

/* Begin XCConfigurationList section */
		1DEB921E08733DC00010E9CD /* Build configuration list for PBXNativeTarget "MobileVLCKit" */ = {
			isa = XCConfigurationList;
			buildConfigurations = (
				1DEB921F08733DC00010E9CD /* Debug */,
				1DEB922008733DC00010E9CD /* Release */,
			);
			defaultConfigurationIsVisible = 0;
			defaultConfigurationName = Release;
		};
		1DEB922208733DC00010E9CD /* Build configuration list for PBXProject "MobileVLCKit" */ = {
			isa = XCConfigurationList;
			buildConfigurations = (
				1DEB922308733DC00010E9CD /* Debug */,
				1DEB922408733DC00010E9CD /* Release */,
			);
			defaultConfigurationIsVisible = 0;
			defaultConfigurationName = Release;
		};
		7A5ECB1011DE919F00F66AF3 /* Build configuration list for PBXAggregateTarget "Aggregate static plugins" */ = {
			isa = XCConfigurationList;
			buildConfigurations = (
				7A5ECAFA11DE917B00F66AF3 /* Debug */,
				7A5ECAFB11DE917B00F66AF3 /* Release */,
			);
			defaultConfigurationIsVisible = 0;
			defaultConfigurationName = Release;
		};
/* End XCConfigurationList section */
	};
	rootObject = 0867D690FE84028FC02AAC07 /* Project object */;
}
