// !$*UTF8*$!
{
	archiveVersion = 1;
	classes = {
	};
	objectVersion = 44;
	objects = {

/* Begin PBXAggregateTarget section */
		633BD70D0D2AE0DF0012A314 /* vlc-contrib-core-framework-app */ = {
			isa = PBXAggregateTarget;
			buildConfigurationList = 633BD7150D2AE1170012A314 /* Build configuration list for PBXAggregateTarget "vlc-contrib-core-framework-app" */;
			buildPhases = (
			);
			dependencies = (
				637F33EB0D2AEE4B001E70AB /* PBXTargetDependency */,
			);
			name = "vlc-contrib-core-framework-app";
			productName = "vlc-contrib-core-framework-app";
		};
		637F33DF0D2AEE05001E70AB /* vlc-framework-app */ = {
			isa = PBXAggregateTarget;
			buildConfigurationList = 637F33F80D2AEE67001E70AB /* Build configuration list for PBXAggregateTarget "vlc-framework-app" */;
			buildPhases = (
			);
			dependencies = (
				632F3C260D316FAD003BBC56 /* PBXTargetDependency */,
				632F3C280D316FB5003BBC56 /* PBXTargetDependency */,
			);
			name = "vlc-framework-app";
			productName = "vlc-framework-app";
		};
/* End PBXAggregateTarget section */

/* Begin PBXBuildFile section */
		632F3C380D31711C003BBC56 /* VLCKit.framework in Frameworks */ = {isa = PBXBuildFile; fileRef = 632F3C230D316F37003BBC56 /* VLCKit.framework */; };
		633BD4BC0D2A90470012A314 /* VLCValueTransformer.m in Sources */ = {isa = PBXBuildFile; fileRef = 633BD4AA0D2A90470012A314 /* VLCValueTransformer.m */; };
		633BD4BD0D2A90470012A314 /* VLCMediaArrayController.m in Sources */ = {isa = PBXBuildFile; fileRef = 633BD4AC0D2A90470012A314 /* VLCMediaArrayController.m */; };
		633BD4BE0D2A90470012A314 /* VLCMainWindow.m in Sources */ = {isa = PBXBuildFile; fileRef = 633BD4AD0D2A90470012A314 /* VLCMainWindow.m */; };
		633BD4BF0D2A90470012A314 /* VLCExceptionHandler.m in Sources */ = {isa = PBXBuildFile; fileRef = 633BD4AF0D2A90470012A314 /* VLCExceptionHandler.m */; };
		633BD4C00D2A90470012A314 /* VLCController.m in Sources */ = {isa = PBXBuildFile; fileRef = 633BD4B10D2A90470012A314 /* VLCController.m */; };
		633BD4C10D2A90470012A314 /* VLCBrowsableVideoView.m in Sources */ = {isa = PBXBuildFile; fileRef = 633BD4B30D2A90470012A314 /* VLCBrowsableVideoView.m */; };
		633BD4C20D2A90470012A314 /* VLCAppBindings.m in Sources */ = {isa = PBXBuildFile; fileRef = 633BD4B50D2A90470012A314 /* VLCAppBindings.m */; };
		633BD4C30D2A90470012A314 /* VLCAppAdditions.m in Sources */ = {isa = PBXBuildFile; fileRef = 633BD4B90D2A90470012A314 /* VLCAppAdditions.m */; };
		633BD4C40D2A90470012A314 /* ImageAndTextCell.m in Sources */ = {isa = PBXBuildFile; fileRef = 633BD4BA0D2A90470012A314 /* ImageAndTextCell.m */; };
		633BD4DA0D2A90C80012A314 /* dialog-error.png in Resources */ = {isa = PBXBuildFile; fileRef = 633BD4D80D2A90C80012A314 /* dialog-error.png */; };
		633BD4DB0D2A90C80012A314 /* applications-internet.png in Resources */ = {isa = PBXBuildFile; fileRef = 633BD4D90D2A90C80012A314 /* applications-internet.png */; };
		63874B190D25960600F738AD /* MainWindow.xib in Resources */ = {isa = PBXBuildFile; fileRef = 63874B170D25960600F738AD /* MainWindow.xib */; };
		638F47110D216C8F008E4912 /* type_playlist.png in Resources */ = {isa = PBXBuildFile; fileRef = 638F47100D216C8F008E4912 /* type_playlist.png */; };
		63A742B30D2759C1002D41A0 /* ExceptionHandling.framework in Frameworks */ = {isa = PBXBuildFile; fileRef = 63A742B20D2759C1002D41A0 /* ExceptionHandling.framework */; };
		63E380AA0D1C65A600FD6958 /* volume_high.png in Resources */ = {isa = PBXBuildFile; fileRef = 63E380A80D1C65A600FD6958 /* volume_high.png */; };
		63E380AB0D1C65A600FD6958 /* volume_low.png in Resources */ = {isa = PBXBuildFile; fileRef = 63E380A90D1C65A600FD6958 /* volume_low.png */; };
		63E380AE0D1C65D100FD6958 /* play.png in Resources */ = {isa = PBXBuildFile; fileRef = 63E380AC0D1C65D100FD6958 /* play.png */; };
		63E380AF0D1C65D100FD6958 /* play_blue.png in Resources */ = {isa = PBXBuildFile; fileRef = 63E380AD0D1C65D100FD6958 /* play_blue.png */; };
		63E380B20D1C65F200FD6958 /* skip_forward_active.png in Resources */ = {isa = PBXBuildFile; fileRef = 63E380B00D1C65F200FD6958 /* skip_forward_active.png */; };
		63E380B30D1C65F200FD6958 /* skip_forward_blue.png in Resources */ = {isa = PBXBuildFile; fileRef = 63E380B10D1C65F200FD6958 /* skip_forward_blue.png */; };
		63E380B60D1C65FC00FD6958 /* skip_previous_active.png in Resources */ = {isa = PBXBuildFile; fileRef = 63E380B40D1C65FC00FD6958 /* skip_previous_active.png */; };
		63E380B70D1C65FC00FD6958 /* skip_previous_blue.png in Resources */ = {isa = PBXBuildFile; fileRef = 63E380B50D1C65FC00FD6958 /* skip_previous_blue.png */; };
		63E380DF0D1C6FD800FD6958 /* QuartzCore.framework in Frameworks */ = {isa = PBXBuildFile; fileRef = 63E380DE0D1C6FD800FD6958 /* QuartzCore.framework */; };
		8D11072A0486CEB800E47090 /* MainMenu.nib in Resources */ = {isa = PBXBuildFile; fileRef = 29B97318FDCFA39411CA2CEA /* MainMenu.nib */; };
		8D11072B0486CEB800E47090 /* InfoPlist.strings in Resources */ = {isa = PBXBuildFile; fileRef = 089C165CFE840E0CC02AAC07 /* InfoPlist.strings */; };
		8D11072D0486CEB800E47090 /* main.m in Sources */ = {isa = PBXBuildFile; fileRef = 29B97316FDCFA39411CA2CEA /* main.m */; settings = {ATTRIBUTES = (); }; };
		8D11072F0486CEB800E47090 /* Cocoa.framework in Frameworks */ = {isa = PBXBuildFile; fileRef = 1058C7A1FEA54F0111CA2CBB /* Cocoa.framework */; };
/* End PBXBuildFile section */

/* Begin PBXContainerItemProxy section */
		632F3C220D316F37003BBC56 /* PBXContainerItemProxy */ = {
			isa = PBXContainerItemProxy;
			containerPortal = 633BD69D0D2ACE520012A314 /* VLCKit.xcodeproj */;
			proxyType = 2;
			remoteGlobalIDString = 8DC2EF5B0486A6940098B216 /* VLCKit.framework */;
			remoteInfo = VLCKit;
		};
		632F3C250D316FAD003BBC56 /* PBXContainerItemProxy */ = {
			isa = PBXContainerItemProxy;
			containerPortal = 633BD69D0D2ACE520012A314 /* VLCKit.xcodeproj */;
			proxyType = 1;
			remoteGlobalIDString = 8DC2EF4F0486A6940098B216 /* VLCKit */;
			remoteInfo = VLCKit;
		};
		632F3C270D316FB5003BBC56 /* PBXContainerItemProxy */ = {
			isa = PBXContainerItemProxy;
			containerPortal = 29B97313FDCFA39411CA2CEA /* Project object */;
			proxyType = 1;
			remoteGlobalIDString = 8D1107260486CEB800E47090 /* VLC */;
			remoteInfo = VLC;
		};
		637F33EA0D2AEE4B001E70AB /* PBXContainerItemProxy */ = {
			isa = PBXContainerItemProxy;
			containerPortal = 29B97313FDCFA39411CA2CEA /* Project object */;
			proxyType = 1;
			remoteGlobalIDString = 637F33DF0D2AEE05001E70AB;
			remoteInfo = "vlc-framework-app";
		};
/* End PBXContainerItemProxy section */

/* Begin PBXFileReference section */
		089C165DFE840E0CC02AAC07 /* English */ = {isa = PBXFileReference; fileEncoding = 10; lastKnownFileType = text.plist.strings; name = English; path = English.lproj/InfoPlist.strings; sourceTree = "<group>"; };
		1058C7A1FEA54F0111CA2CBB /* Cocoa.framework */ = {isa = PBXFileReference; lastKnownFileType = wrapper.framework; name = Cocoa.framework; path = /System/Library/Frameworks/Cocoa.framework; sourceTree = "<absolute>"; };
		13E42FB307B3F0F600E4EEF1 /* CoreData.framework */ = {isa = PBXFileReference; lastKnownFileType = wrapper.framework; name = CoreData.framework; path = /System/Library/Frameworks/CoreData.framework; sourceTree = "<absolute>"; };
		29B97316FDCFA39411CA2CEA /* main.m */ = {isa = PBXFileReference; fileEncoding = 4; lastKnownFileType = sourcecode.c.objc; path = main.m; sourceTree = "<group>"; };
		29B97319FDCFA39411CA2CEA /* English */ = {isa = PBXFileReference; lastKnownFileType = wrapper.nib; name = English; path = English.lproj/MainMenu.nib; sourceTree = "<group>"; };
		29B97324FDCFA39411CA2CEA /* AppKit.framework */ = {isa = PBXFileReference; lastKnownFileType = wrapper.framework; name = AppKit.framework; path = /System/Library/Frameworks/AppKit.framework; sourceTree = "<absolute>"; };
		29B97325FDCFA39411CA2CEA /* Foundation.framework */ = {isa = PBXFileReference; lastKnownFileType = wrapper.framework; name = Foundation.framework; path = /System/Library/Frameworks/Foundation.framework; sourceTree = "<absolute>"; };
		32CA4F630368D1EE00C91783 /* VLC_Prefix.pch */ = {isa = PBXFileReference; fileEncoding = 4; lastKnownFileType = sourcecode.c.h; path = VLC_Prefix.pch; sourceTree = "<group>"; };
		633BD4AA0D2A90470012A314 /* VLCValueTransformer.m */ = {isa = PBXFileReference; fileEncoding = 4; lastKnownFileType = sourcecode.c.objc; name = VLCValueTransformer.m; path = Sources/VLCValueTransformer.m; sourceTree = "<group>"; };
		633BD4AB0D2A90470012A314 /* VLCValueTransformer.h */ = {isa = PBXFileReference; fileEncoding = 4; lastKnownFileType = sourcecode.c.h; name = VLCValueTransformer.h; path = Sources/VLCValueTransformer.h; sourceTree = "<group>"; };
		633BD4AC0D2A90470012A314 /* VLCMediaArrayController.m */ = {isa = PBXFileReference; fileEncoding = 4; lastKnownFileType = sourcecode.c.objc; name = VLCMediaArrayController.m; path = Sources/VLCMediaArrayController.m; sourceTree = "<group>"; };
		633BD4AD0D2A90470012A314 /* VLCMainWindow.m */ = {isa = PBXFileReference; fileEncoding = 4; lastKnownFileType = sourcecode.c.objc; name = VLCMainWindow.m; path = Sources/VLCMainWindow.m; sourceTree = "<group>"; };
		633BD4AE0D2A90470012A314 /* VLCMediaArrayController.h */ = {isa = PBXFileReference; fileEncoding = 4; lastKnownFileType = sourcecode.c.h; name = VLCMediaArrayController.h; path = Sources/VLCMediaArrayController.h; sourceTree = "<group>"; };
		633BD4AF0D2A90470012A314 /* VLCExceptionHandler.m */ = {isa = PBXFileReference; fileEncoding = 4; lastKnownFileType = sourcecode.c.objc; name = VLCExceptionHandler.m; path = Sources/VLCExceptionHandler.m; sourceTree = "<group>"; };
		633BD4B00D2A90470012A314 /* VLCMainWindow.h */ = {isa = PBXFileReference; fileEncoding = 4; lastKnownFileType = sourcecode.c.h; name = VLCMainWindow.h; path = Sources/VLCMainWindow.h; sourceTree = "<group>"; };
		633BD4B10D2A90470012A314 /* VLCController.m */ = {isa = PBXFileReference; fileEncoding = 4; lastKnownFileType = sourcecode.c.objc; name = VLCController.m; path = Sources/VLCController.m; sourceTree = "<group>"; };
		633BD4B20D2A90470012A314 /* VLCExceptionHandler.h */ = {isa = PBXFileReference; fileEncoding = 4; lastKnownFileType = sourcecode.c.h; name = VLCExceptionHandler.h; path = Sources/VLCExceptionHandler.h; sourceTree = "<group>"; };
		633BD4B30D2A90470012A314 /* VLCBrowsableVideoView.m */ = {isa = PBXFileReference; fileEncoding = 4; lastKnownFileType = sourcecode.c.objc; name = VLCBrowsableVideoView.m; path = Sources/VLCBrowsableVideoView.m; sourceTree = "<group>"; };
		633BD4B40D2A90470012A314 /* VLCController.h */ = {isa = PBXFileReference; fileEncoding = 4; lastKnownFileType = sourcecode.c.h; name = VLCController.h; path = Sources/VLCController.h; sourceTree = "<group>"; };
		633BD4B50D2A90470012A314 /* VLCAppBindings.m */ = {isa = PBXFileReference; fileEncoding = 4; lastKnownFileType = sourcecode.c.objc; name = VLCAppBindings.m; path = Sources/VLCAppBindings.m; sourceTree = "<group>"; };
		633BD4B60D2A90470012A314 /* VLCBrowsableVideoView.h */ = {isa = PBXFileReference; fileEncoding = 4; lastKnownFileType = sourcecode.c.h; name = VLCBrowsableVideoView.h; path = Sources/VLCBrowsableVideoView.h; sourceTree = "<group>"; };
		633BD4B70D2A90470012A314 /* VLCAppBindings.h */ = {isa = PBXFileReference; fileEncoding = 4; lastKnownFileType = sourcecode.c.h; name = VLCAppBindings.h; path = Sources/VLCAppBindings.h; sourceTree = "<group>"; };
		633BD4B80D2A90470012A314 /* VLCAppAdditions.h */ = {isa = PBXFileReference; fileEncoding = 4; lastKnownFileType = sourcecode.c.h; name = VLCAppAdditions.h; path = Sources/VLCAppAdditions.h; sourceTree = "<group>"; };
		633BD4B90D2A90470012A314 /* VLCAppAdditions.m */ = {isa = PBXFileReference; fileEncoding = 4; lastKnownFileType = sourcecode.c.objc; name = VLCAppAdditions.m; path = Sources/VLCAppAdditions.m; sourceTree = "<group>"; };
		633BD4BA0D2A90470012A314 /* ImageAndTextCell.m */ = {isa = PBXFileReference; fileEncoding = 4; lastKnownFileType = sourcecode.c.objc; name = ImageAndTextCell.m; path = Sources/ImageAndTextCell.m; sourceTree = "<group>"; };
		633BD4BB0D2A90470012A314 /* ImageAndTextCell.h */ = {isa = PBXFileReference; fileEncoding = 4; lastKnownFileType = sourcecode.c.h; name = ImageAndTextCell.h; path = Sources/ImageAndTextCell.h; sourceTree = "<group>"; };
		633BD4D80D2A90C80012A314 /* dialog-error.png */ = {isa = PBXFileReference; lastKnownFileType = image.png; name = "dialog-error.png"; path = "Icons/dialog-error.png"; sourceTree = "<group>"; };
		633BD4D90D2A90C80012A314 /* applications-internet.png */ = {isa = PBXFileReference; lastKnownFileType = image.png; name = "applications-internet.png"; path = "Icons/applications-internet.png"; sourceTree = "<group>"; };
		633BD69D0D2ACE520012A314 /* VLCKit.xcodeproj */ = {isa = PBXFileReference; lastKnownFileType = "wrapper.pb-project"; name = VLCKit.xcodeproj; path = ../Framework/VLCKit.xcodeproj; sourceTree = SOURCE_ROOT; };
		63874B180D25960600F738AD /* English */ = {isa = PBXFileReference; lastKnownFileType = file.xib; name = English; path = English.lproj/MainWindow.xib; sourceTree = "<group>"; };
		638F47100D216C8F008E4912 /* type_playlist.png */ = {isa = PBXFileReference; lastKnownFileType = image.png; name = type_playlist.png; path = ../../../modules/gui/qt4/pixmaps/type_playlist.png; sourceTree = SOURCE_ROOT; };
		63A742B20D2759C1002D41A0 /* ExceptionHandling.framework */ = {isa = PBXFileReference; lastKnownFileType = wrapper.framework; name = ExceptionHandling.framework; path = /System/Library/Frameworks/ExceptionHandling.framework; sourceTree = "<absolute>"; };
		63E380A80D1C65A600FD6958 /* volume_high.png */ = {isa = PBXFileReference; lastKnownFileType = image.png; name = volume_high.png; path = ../Resources/volume_high.png; sourceTree = SOURCE_ROOT; };
		63E380A90D1C65A600FD6958 /* volume_low.png */ = {isa = PBXFileReference; lastKnownFileType = image.png; name = volume_low.png; path = ../Resources/volume_low.png; sourceTree = SOURCE_ROOT; };
		63E380AC0D1C65D100FD6958 /* play.png */ = {isa = PBXFileReference; lastKnownFileType = image.png; name = play.png; path = ../Resources/play.png; sourceTree = SOURCE_ROOT; };
		63E380AD0D1C65D100FD6958 /* play_blue.png */ = {isa = PBXFileReference; lastKnownFileType = image.png; name = play_blue.png; path = ../Resources/play_blue.png; sourceTree = SOURCE_ROOT; };
		63E380B00D1C65F200FD6958 /* skip_forward_active.png */ = {isa = PBXFileReference; lastKnownFileType = image.png; name = skip_forward_active.png; path = ../Resources/skip_forward_active.png; sourceTree = SOURCE_ROOT; };
		63E380B10D1C65F200FD6958 /* skip_forward_blue.png */ = {isa = PBXFileReference; lastKnownFileType = image.png; name = skip_forward_blue.png; path = ../Resources/skip_forward_blue.png; sourceTree = SOURCE_ROOT; };
		63E380B40D1C65FC00FD6958 /* skip_previous_active.png */ = {isa = PBXFileReference; lastKnownFileType = image.png; name = skip_previous_active.png; path = ../Resources/skip_previous_active.png; sourceTree = SOURCE_ROOT; };
		63E380B50D1C65FC00FD6958 /* skip_previous_blue.png */ = {isa = PBXFileReference; lastKnownFileType = image.png; name = skip_previous_blue.png; path = ../Resources/skip_previous_blue.png; sourceTree = SOURCE_ROOT; };
		63E380DE0D1C6FD800FD6958 /* QuartzCore.framework */ = {isa = PBXFileReference; lastKnownFileType = wrapper.framework; name = QuartzCore.framework; path = /System/Library/Frameworks/QuartzCore.framework; sourceTree = "<absolute>"; };
		8D1107310486CEB800E47090 /* Info.plist */ = {isa = PBXFileReference; fileEncoding = 4; lastKnownFileType = text.plist; path = Info.plist; sourceTree = "<group>"; };
		8D1107320486CEB800E47090 /* VLC.app */ = {isa = PBXFileReference; explicitFileType = wrapper.application; includeInIndex = 0; path = VLC.app; sourceTree = BUILT_PRODUCTS_DIR; };
/* End PBXFileReference section */

/* Begin PBXFrameworksBuildPhase section */
		8D11072E0486CEB800E47090 /* Frameworks */ = {
			isa = PBXFrameworksBuildPhase;
			buildActionMask = 2147483647;
			files = (
				632F3C380D31711C003BBC56 /* VLCKit.framework in Frameworks */,
				8D11072F0486CEB800E47090 /* Cocoa.framework in Frameworks */,
				63E380DF0D1C6FD800FD6958 /* QuartzCore.framework in Frameworks */,
				63A742B30D2759C1002D41A0 /* ExceptionHandling.framework in Frameworks */,
			);
			runOnlyForDeploymentPostprocessing = 0;
		};
/* End PBXFrameworksBuildPhase section */

/* Begin PBXGroup section */
		1058C7A0FEA54F0111CA2CBB /* Linked Frameworks */ = {
			isa = PBXGroup;
			children = (
				63A742B20D2759C1002D41A0 /* ExceptionHandling.framework */,
				63E380DE0D1C6FD800FD6958 /* QuartzCore.framework */,
				1058C7A1FEA54F0111CA2CBB /* Cocoa.framework */,
			);
			name = "Linked Frameworks";
			sourceTree = "<group>";
		};
		1058C7A2FEA54F0111CA2CBB /* Other Frameworks */ = {
			isa = PBXGroup;
			children = (
				29B97324FDCFA39411CA2CEA /* AppKit.framework */,
				13E42FB307B3F0F600E4EEF1 /* CoreData.framework */,
				29B97325FDCFA39411CA2CEA /* Foundation.framework */,
			);
			name = "Other Frameworks";
			sourceTree = "<group>";
		};
		19C28FACFE9D520D11CA2CBB /* Products */ = {
			isa = PBXGroup;
			children = (
				8D1107320486CEB800E47090 /* VLC.app */,
			);
			name = Products;
			sourceTree = "<group>";
		};
		29B97314FDCFA39411CA2CEA /* VLC */ = {
			isa = PBXGroup;
			children = (
				633BD6A40D2ACE5E0012A314 /* Dependencies */,
				63874AF40D2591CE00F738AD /* Sources */,
				29B97315FDCFA39411CA2CEA /* Other Sources */,
				29B97317FDCFA39411CA2CEA /* Resources */,
				29B97323FDCFA39411CA2CEA /* Frameworks */,
				19C28FACFE9D520D11CA2CBB /* Products */,
			);
			name = VLC;
			sourceTree = "<group>";
		};
		29B97315FDCFA39411CA2CEA /* Other Sources */ = {
			isa = PBXGroup;
			children = (
				32CA4F630368D1EE00C91783 /* VLC_Prefix.pch */,
				29B97316FDCFA39411CA2CEA /* main.m */,
			);
			name = "Other Sources";
			sourceTree = "<group>";
		};
		29B97317FDCFA39411CA2CEA /* Resources */ = {
			isa = PBXGroup;
			children = (
				63C551960C7F6AD100B202D3 /* Images */,
				8D1107310486CEB800E47090 /* Info.plist */,
				089C165CFE840E0CC02AAC07 /* InfoPlist.strings */,
				63874B170D25960600F738AD /* MainWindow.xib */,
				29B97318FDCFA39411CA2CEA /* MainMenu.nib */,
			);
			name = Resources;
			sourceTree = "<group>";
		};
		29B97323FDCFA39411CA2CEA /* Frameworks */ = {
			isa = PBXGroup;
			children = (
				1058C7A0FEA54F0111CA2CBB /* Linked Frameworks */,
				1058C7A2FEA54F0111CA2CBB /* Other Frameworks */,
			);
			name = Frameworks;
			sourceTree = "<group>";
		};
		632F3C1B0D316F37003BBC56 /* Products */ = {
			isa = PBXGroup;
			children = (
				632F3C230D316F37003BBC56 /* VLCKit.framework */,
			);
			name = Products;
			sourceTree = "<group>";
		};
		633BD4620D2A8DF30012A314 /* Internals */ = {
			isa = PBXGroup;
			children = (
				633BD4B20D2A90470012A314 /* VLCExceptionHandler.h */,
				633BD4AF0D2A90470012A314 /* VLCExceptionHandler.m */,
			);
			name = Internals;
			sourceTree = "<group>";
		};
		633BD6A40D2ACE5E0012A314 /* Dependencies */ = {
			isa = PBXGroup;
			children = (
				633BD69D0D2ACE520012A314 /* VLCKit.xcodeproj */,
			);
			name = Dependencies;
			sourceTree = "<group>";
		};
		63874AF40D2591CE00F738AD /* Sources */ = {
			isa = PBXGroup;
			children = (
				633BD4B40D2A90470012A314 /* VLCController.h */,
				633BD4B10D2A90470012A314 /* VLCController.m */,
				63874AF60D25920800F738AD /* Additions */,
				633BD4620D2A8DF30012A314 /* Internals */,
				63874AF50D2591EF00F738AD /* Video */,
				63874AF70D25922800F738AD /* Media List Management */,
				63874B0E0D25928400F738AD /* Window Management */,
			);
			name = Sources;
			sourceTree = "<group>";
		};
		63874AF50D2591EF00F738AD /* Video */ = {
			isa = PBXGroup;
			children = (
				633BD4B60D2A90470012A314 /* VLCBrowsableVideoView.h */,
				633BD4B30D2A90470012A314 /* VLCBrowsableVideoView.m */,
			);
			name = Video;
			sourceTree = "<group>";
		};
		63874AF60D25920800F738AD /* Additions */ = {
			isa = PBXGroup;
			children = (
				633BD4AB0D2A90470012A314 /* VLCValueTransformer.h */,
				633BD4AA0D2A90470012A314 /* VLCValueTransformer.m */,
				633BD4B70D2A90470012A314 /* VLCAppBindings.h */,
				633BD4B50D2A90470012A314 /* VLCAppBindings.m */,
				633BD4B80D2A90470012A314 /* VLCAppAdditions.h */,
				633BD4B90D2A90470012A314 /* VLCAppAdditions.m */,
				633BD4BB0D2A90470012A314 /* ImageAndTextCell.h */,
				633BD4BA0D2A90470012A314 /* ImageAndTextCell.m */,
			);
			name = Additions;
			sourceTree = "<group>";
		};
		63874AF70D25922800F738AD /* Media List Management */ = {
			isa = PBXGroup;
			children = (
				633BD4AE0D2A90470012A314 /* VLCMediaArrayController.h */,
				633BD4AC0D2A90470012A314 /* VLCMediaArrayController.m */,
			);
			name = "Media List Management";
			sourceTree = "<group>";
		};
		63874B0E0D25928400F738AD /* Window Management */ = {
			isa = PBXGroup;
			children = (
				633BD4B00D2A90470012A314 /* VLCMainWindow.h */,
				633BD4AD0D2A90470012A314 /* VLCMainWindow.m */,
			);
			name = "Window Management";
			sourceTree = "<group>";
		};
		63C551960C7F6AD100B202D3 /* Images */ = {
			isa = PBXGroup;
			children = (
				638F47100D216C8F008E4912 /* type_playlist.png */,
				633BD4D80D2A90C80012A314 /* dialog-error.png */,
				633BD4D90D2A90C80012A314 /* applications-internet.png */,
				63E380A80D1C65A600FD6958 /* volume_high.png */,
				63E380A90D1C65A600FD6958 /* volume_low.png */,
				63E380AC0D1C65D100FD6958 /* play.png */,
				63E380AD0D1C65D100FD6958 /* play_blue.png */,
				63E380B00D1C65F200FD6958 /* skip_forward_active.png */,
				63E380B10D1C65F200FD6958 /* skip_forward_blue.png */,
				63E380B40D1C65FC00FD6958 /* skip_previous_active.png */,
				63E380B50D1C65FC00FD6958 /* skip_previous_blue.png */,
			);
			name = Images;
			sourceTree = "<group>";
		};
/* End PBXGroup section */

/* Begin PBXNativeTarget section */
		8D1107260486CEB800E47090 /* VLC */ = {
			isa = PBXNativeTarget;
			buildConfigurationList = C01FCF4A08A954540054247B /* Build configuration list for PBXNativeTarget "VLC" */;
			buildPhases = (
				63FFDC300D2AE9D30092FC96 /* ShellScript */,
				8D1107290486CEB800E47090 /* Resources */,
				8D11072C0486CEB800E47090 /* Sources */,
				8D11072E0486CEB800E47090 /* Frameworks */,
			);
			buildRules = (
			);
			dependencies = (
			);
			name = VLC;
			productInstallPath = "$(HOME)/Applications";
			productName = VLC;
			productReference = 8D1107320486CEB800E47090 /* VLC.app */;
			productType = "com.apple.product-type.application";
		};
/* End PBXNativeTarget section */

/* Begin PBXProject section */
		29B97313FDCFA39411CA2CEA /* Project object */ = {
			isa = PBXProject;
			buildConfigurationList = C01FCF4E08A954540054247B /* Build configuration list for PBXProject "VLC" */;
			compatibilityVersion = "Xcode 3.0";
			hasScannedForEncodings = 1;
			mainGroup = 29B97314FDCFA39411CA2CEA /* VLC */;
			projectDirPath = "";
			projectReferences = (
				{
					ProductGroup = 632F3C1B0D316F37003BBC56 /* Products */;
					ProjectRef = 633BD69D0D2ACE520012A314 /* VLCKit.xcodeproj */;
				},
			);
			projectRoot = "";
			targets = (
				633BD70D0D2AE0DF0012A314 /* vlc-contrib-core-framework-app */,
				637F33DF0D2AEE05001E70AB /* vlc-framework-app */,
				8D1107260486CEB800E47090 /* VLC */,
			);
		};
/* End PBXProject section */

/* Begin PBXReferenceProxy section */
		632F3C230D316F37003BBC56 /* VLCKit.framework */ = {
			isa = PBXReferenceProxy;
			fileType = wrapper.framework;
			path = VLCKit.framework;
			remoteRef = 632F3C220D316F37003BBC56 /* PBXContainerItemProxy */;
			sourceTree = BUILT_PRODUCTS_DIR;
		};
/* End PBXReferenceProxy section */

/* Begin PBXResourcesBuildPhase section */
		8D1107290486CEB800E47090 /* Resources */ = {
			isa = PBXResourcesBuildPhase;
			buildActionMask = 2147483647;
			files = (
				8D11072A0486CEB800E47090 /* MainMenu.nib in Resources */,
				8D11072B0486CEB800E47090 /* InfoPlist.strings in Resources */,
				63E380AA0D1C65A600FD6958 /* volume_high.png in Resources */,
				63E380AB0D1C65A600FD6958 /* volume_low.png in Resources */,
				63E380AE0D1C65D100FD6958 /* play.png in Resources */,
				63E380AF0D1C65D100FD6958 /* play_blue.png in Resources */,
				63E380B20D1C65F200FD6958 /* skip_forward_active.png in Resources */,
				63E380B30D1C65F200FD6958 /* skip_forward_blue.png in Resources */,
				63E380B60D1C65FC00FD6958 /* skip_previous_active.png in Resources */,
				63E380B70D1C65FC00FD6958 /* skip_previous_blue.png in Resources */,
				638F47110D216C8F008E4912 /* type_playlist.png in Resources */,
				63874B190D25960600F738AD /* MainWindow.xib in Resources */,
				633BD4DA0D2A90C80012A314 /* dialog-error.png in Resources */,
				633BD4DB0D2A90C80012A314 /* applications-internet.png in Resources */,
			);
			runOnlyForDeploymentPostprocessing = 0;
		};
/* End PBXResourcesBuildPhase section */

/* Begin PBXShellScriptBuildPhase section */
		63FFDC300D2AE9D30092FC96 /* ShellScript */ = {
			isa = PBXShellScriptBuildPhase;
			buildActionMask = 2147483647;
			files = (
			);
			inputPaths = (
				$SRCROOT/../Framework/build/$BUILD_VARIANTS/VLC.framework,
			);
			outputPaths = (
				$BUILT_PRODUCTS_DIR/$FRAMEWORKS_FOLDER_PATH/VLC.framework,
			);
			runOnlyForDeploymentPostprocessing = 0;
			shellPath = /bin/sh;
			shellScript = "if test \"$SYMROOT\" == \"$PROJECT_DIR/build\"\nthen\n\tVLCFRAMEWORK=\"$SRCROOT/../Framework/build/$CONFIGURATION/VLCKit.framework\"\nelse\n\tVLCFRAMEWORK=\"$SYMROOT/VLCKit.framework\"\nfi\n/Developer/Library/PrivateFrameworks/DevToolsCore.framework/Resources/pbxcp -exclude .DS_Store -exclude CVS -exclude .svn -resolve-src-symlinks $VLCFRAMEWORK $BUILT_PRODUCTS_DIR/$FRAMEWORKS_FOLDER_PATH\n\n\n";
			showEnvVarsInLog = 0;
		};
/* End PBXShellScriptBuildPhase section */

/* Begin PBXSourcesBuildPhase section */
		8D11072C0486CEB800E47090 /* Sources */ = {
			isa = PBXSourcesBuildPhase;
			buildActionMask = 2147483647;
			files = (
				8D11072D0486CEB800E47090 /* main.m in Sources */,
				633BD4BC0D2A90470012A314 /* VLCValueTransformer.m in Sources */,
				633BD4BD0D2A90470012A314 /* VLCMediaArrayController.m in Sources */,
				633BD4BE0D2A90470012A314 /* VLCMainWindow.m in Sources */,
				633BD4BF0D2A90470012A314 /* VLCExceptionHandler.m in Sources */,
				633BD4C00D2A90470012A314 /* VLCController.m in Sources */,
				633BD4C10D2A90470012A314 /* VLCBrowsableVideoView.m in Sources */,
				633BD4C20D2A90470012A314 /* VLCAppBindings.m in Sources */,
				633BD4C30D2A90470012A314 /* VLCAppAdditions.m in Sources */,
				633BD4C40D2A90470012A314 /* ImageAndTextCell.m in Sources */,
			);
			runOnlyForDeploymentPostprocessing = 0;
		};
/* End PBXSourcesBuildPhase section */

/* Begin PBXTargetDependency section */
		632F3C260D316FAD003BBC56 /* PBXTargetDependency */ = {
			isa = PBXTargetDependency;
			name = VLCKit;
			targetProxy = 632F3C250D316FAD003BBC56 /* PBXContainerItemProxy */;
		};
		632F3C280D316FB5003BBC56 /* PBXTargetDependency */ = {
			isa = PBXTargetDependency;
			target = 8D1107260486CEB800E47090 /* VLC */;
			targetProxy = 632F3C270D316FB5003BBC56 /* PBXContainerItemProxy */;
		};
		637F33EB0D2AEE4B001E70AB /* PBXTargetDependency */ = {
			isa = PBXTargetDependency;
			target = 637F33DF0D2AEE05001E70AB /* vlc-framework-app */;
			targetProxy = 637F33EA0D2AEE4B001E70AB /* PBXContainerItemProxy */;
		};
/* End PBXTargetDependency section */

/* Begin PBXVariantGroup section */
		089C165CFE840E0CC02AAC07 /* InfoPlist.strings */ = {
			isa = PBXVariantGroup;
			children = (
				089C165DFE840E0CC02AAC07 /* English */,
			);
			name = InfoPlist.strings;
			sourceTree = "<group>";
		};
		29B97318FDCFA39411CA2CEA /* MainMenu.nib */ = {
			isa = PBXVariantGroup;
			children = (
				29B97319FDCFA39411CA2CEA /* English */,
			);
			name = MainMenu.nib;
			sourceTree = "<group>";
		};
		63874B170D25960600F738AD /* MainWindow.xib */ = {
			isa = PBXVariantGroup;
			children = (
				63874B180D25960600F738AD /* English */,
			);
			name = MainWindow.xib;
			sourceTree = "<group>";
		};
/* End PBXVariantGroup section */

/* Begin XCBuildConfiguration section */
		633BD70E0D2AE0DF0012A314 /* Debug */ = {
			isa = XCBuildConfiguration;
			buildSettings = {
				COPY_PHASE_STRIP = NO;
				GCC_DYNAMIC_NO_PIC = NO;
				GCC_OPTIMIZATION_LEVEL = 0;
				PRODUCT_NAME = "vlc-contrib-core-framework-app";
			};
			name = Debug;
		};
		633BD70F0D2AE0DF0012A314 /* Release */ = {
			isa = XCBuildConfiguration;
			buildSettings = {
				COPY_PHASE_STRIP = YES;
				DEBUG_INFORMATION_FORMAT = "dwarf-with-dsym";
				GCC_ENABLE_FIX_AND_CONTINUE = NO;
				PRODUCT_NAME = "vlc-contrib-core-framework-app";
				ZERO_LINK = NO;
			};
			name = Release;
		};
		637F33E00D2AEE05001E70AB /* Debug */ = {
			isa = XCBuildConfiguration;
			buildSettings = {
				COPY_PHASE_STRIP = NO;
				GCC_DYNAMIC_NO_PIC = NO;
				GCC_OPTIMIZATION_LEVEL = 0;
				PRODUCT_NAME = "vlc-framework-app";
			};
			name = Debug;
		};
		637F33E10D2AEE05001E70AB /* Release */ = {
			isa = XCBuildConfiguration;
			buildSettings = {
				COPY_PHASE_STRIP = YES;
				DEBUG_INFORMATION_FORMAT = "dwarf-with-dsym";
				GCC_ENABLE_FIX_AND_CONTINUE = NO;
				PRODUCT_NAME = "vlc-framework-app";
				ZERO_LINK = NO;
			};
			name = Release;
		};
		C01FCF4B08A954540054247B /* Debug */ = {
			isa = XCBuildConfiguration;
			buildSettings = {
				COPY_PHASE_STRIP = NO;
				FRAMEWORK_SEARCH_PATHS = (
					"$(inherited)",
					"$(FRAMEWORK_SEARCH_PATHS_QUOTED_1)",
					"$(FRAMEWORK_SEARCH_PATHS_QUOTED_2)",
					"$(FRAMEWORK_SEARCH_PATHS_QUOTED_FOR_TARGET_1)",
					"$(FRAMEWORK_SEARCH_PATHS_QUOTED_FOR_TARGET_2)",
					"\"$(SRCROOT)/../Framework/build/Debug\"",
				);
				GCC_DYNAMIC_NO_PIC = NO;
				GCC_ENABLE_FIX_AND_CONTINUE = YES;
				GCC_ENABLE_OBJC_GC = unsupported;
				GCC_MODEL_TUNING = G5;
				GCC_OPTIMIZATION_LEVEL = 0;
				INFOPLIST_FILE = Info.plist;
				INSTALL_PATH = "$(HOME)/Applications";
				PRODUCT_NAME = VLC;
				WRAPPER_EXTENSION = app;
				ZERO_LINK = YES;
			};
			name = Debug;
		};
		C01FCF4C08A954540054247B /* Release */ = {
			isa = XCBuildConfiguration;
			buildSettings = {
				ARCHS = "$(NATIVE_ARCH)";
				FRAMEWORK_SEARCH_PATHS = (
					"$(inherited)",
					"$(FRAMEWORK_SEARCH_PATHS_QUOTED_1)",
					"$(FRAMEWORK_SEARCH_PATHS_QUOTED_2)",
					"$(FRAMEWORK_SEARCH_PATHS_QUOTED_FOR_TARGET_1)",
					"$(FRAMEWORK_SEARCH_PATHS_QUOTED_FOR_TARGET_2)",
					"\"$(SRCROOT)/../Framework/build/Debug\"",
				);
				GCC_ENABLE_OBJC_GC = unsupported;
				GCC_GENERATE_DEBUGGING_SYMBOLS = NO;
				GCC_MODEL_TUNING = G5;
				INFOPLIST_FILE = Info.plist;
				INSTALL_PATH = "$(HOME)/Applications";
				PRODUCT_NAME = VLC;
				WRAPPER_EXTENSION = app;
			};
			name = Release;
		};
		C01FCF4F08A954540054247B /* Debug */ = {
			isa = XCBuildConfiguration;
			buildSettings = {
				ARCHS = "$(NATIVE_ARCH_32_BIT)";
				GCC_WARN_ABOUT_RETURN_TYPE = YES;
				GCC_WARN_UNUSED_VARIABLE = YES;
				PREBINDING = NO;
			};
			name = Debug;
		};
		C01FCF5008A954540054247B /* Release */ = {
			isa = XCBuildConfiguration;
			buildSettings = {
				ARCHS = "$(NATIVE_ARCH_32_BIT)";
				GCC_WARN_ABOUT_RETURN_TYPE = YES;
				GCC_WARN_UNUSED_VARIABLE = YES;
				PREBINDING = NO;
			};
			name = Release;
		};
/* End XCBuildConfiguration section */

/* Begin XCConfigurationList section */
		633BD7150D2AE1170012A314 /* Build configuration list for PBXAggregateTarget "vlc-contrib-core-framework-app" */ = {
			isa = XCConfigurationList;
			buildConfigurations = (
				633BD70E0D2AE0DF0012A314 /* Debug */,
				633BD70F0D2AE0DF0012A314 /* Release */,
			);
			defaultConfigurationIsVisible = 0;
			defaultConfigurationName = Debug;
		};
		637F33F80D2AEE67001E70AB /* Build configuration list for PBXAggregateTarget "vlc-framework-app" */ = {
			isa = XCConfigurationList;
			buildConfigurations = (
				637F33E00D2AEE05001E70AB /* Debug */,
				637F33E10D2AEE05001E70AB /* Release */,
			);
			defaultConfigurationIsVisible = 0;
			defaultConfigurationName = Debug;
		};
		C01FCF4A08A954540054247B /* Build configuration list for PBXNativeTarget "VLC" */ = {
			isa = XCConfigurationList;
			buildConfigurations = (
				C01FCF4B08A954540054247B /* Debug */,
				C01FCF4C08A954540054247B /* Release */,
			);
			defaultConfigurationIsVisible = 0;
			defaultConfigurationName = Debug;
		};
		C01FCF4E08A954540054247B /* Build configuration list for PBXProject "VLC" */ = {
			isa = XCConfigurationList;
			buildConfigurations = (
				C01FCF4F08A954540054247B /* Debug */,
				C01FCF5008A954540054247B /* Release */,
			);
			defaultConfigurationIsVisible = 0;
			defaultConfigurationName = Debug;
		};
/* End XCConfigurationList section */
	};
	rootObject = 29B97313FDCFA39411CA2CEA /* Project object */;
}
